
Microsoft Visual Studio Solution File, Format Version 12.00
# Visual Studio Version 17
VisualStudioVersion = 17.7.34009.444
MinimumVisualStudioVersion = 10.0.40219.1
Project("{2150E333-8FDC-42A3-9474-1A3956D46DE8}") = "src", "src", "{CD100FAB-A232-41DD-AE34-5DC4A45CA920}"
EndProject
Project("{2150E333-8FDC-42A3-9474-1A3956D46DE8}") = "API", "API", "{5C0424A3-F94F-4EEE-8660-96380D3805C7}"
EndProject
Project("{2150E333-8FDC-42A3-9474-1A3956D46DE8}") = "Modules", "Modules", "{467F4741-3126-440B-8CC2-60C07195DB48}"
EndProject
Project("{2150E333-8FDC-42A3-9474-1A3956D46DE8}") = "User", "User", "{463599A7-AC72-42C0-B50A-237BC2D32E4F}"
EndProject
Project("{2150E333-8FDC-42A3-9474-1A3956D46DE8}") = "Todo", "Todo", "{EBF487B1-86F0-488B-B8AD-2D8C481EC0E1}"
EndProject
Project("{9A19103F-16F7-4668-BE54-9A1E7A4F7556}") = "TodoManagement.Todos.Domain", "TaskManagement.Tasks.Domain\TodoManagement.Todos.Domain.csproj", "{7408D36F-6C3F-4330-9D2F-83D6A214B334}"
EndProject
Project("{9A19103F-16F7-4668-BE54-9A1E7A4F7556}") = "TodoManagement.Todos.Application", "TaskManagement.Tasks.Application\TodoManagement.Todos.Application.csproj", "{748D7121-EC48-416D-A750-B5F652277EFD}"
EndProject
Project("{9A19103F-16F7-4668-BE54-9A1E7A4F7556}") = "TodoManagement.Todos.Contracts", "TaskManagement.Tasks.Contracts\TodoManagement.Todos.Contracts.csproj", "{B059F97A-096A-4DCC-8CBF-7FAA0C725C7D}"
EndProject
Project("{9A19103F-16F7-4668-BE54-9A1E7A4F7556}") = "TodoManagement.Todos.Infrastructure", "TaskManagement.Tasks.Infraestructure\TodoManagement.Todos.Infrastructure.csproj", "{D1FBA10C-767B-49D2-8738-DFB09D0BF369}"
EndProject
Project("{9A19103F-16F7-4668-BE54-9A1E7A4F7556}") = "TaskManagement.Presentation.Api", "TaskManagement.Web.Api\TaskManagement.Presentation.Api.csproj", "{A87EBBDD-A490-4D4C-A35F-E233A27C6B1B}"
EndProject
Project("{9A19103F-16F7-4668-BE54-9A1E7A4F7556}") = "TodoManagement.Users.Domain", "TaskManagement.Users.Domain\TodoManagement.Users.Domain.csproj", "{8F968F87-C91E-4E92-ADD0-5BB33C5AF342}"
EndProject
Project("{9A19103F-16F7-4668-BE54-9A1E7A4F7556}") = "TodoManagement.Users.Application", "TaskManagement.Users.Application\TodoManagement.Users.Application.csproj", "{A20AD1F0-04DB-4821-870D-EA8CF1AE5D52}"
EndProject
Project("{9A19103F-16F7-4668-BE54-9A1E7A4F7556}") = "TodoManagement.Users.Infrastructure", "TaskManagement.Users.Infraestructure\TodoManagement.Users.Infrastructure.csproj", "{55104528-A5C0-4822-8818-89FA8579E39C}"
EndProject
Project("{9A19103F-16F7-4668-BE54-9A1E7A4F7556}") = "TodoManagement.Users.Contracts", "TaskManagement.Users.Contracts\TodoManagement.Users.Contracts.csproj", "{979889F6-ABB8-498E-A2FF-88941A989F02}"
EndProject
Project("{2150E333-8FDC-42A3-9474-1A3956D46DE8}") = "Test", "Test", "{40C33FAC-50F3-4A13-8D1C-97E70940F1F7}"
EndProject
Project("{2150E333-8FDC-42A3-9474-1A3956D46DE8}") = "Notifications", "Notifications", "{F76893AF-E67B-42B8-B184-9E3D6596FBC7}"
EndProject
Project("{2150E333-8FDC-42A3-9474-1A3956D46DE8}") = "BuildingBlocks", "BuildingBlocks", "{A79A188F-54F6-478D-BCCF-8D61EADE47F4}"
EndProject
Project("{2150E333-8FDC-42A3-9474-1A3956D46DE8}") = "Domain", "Domain", "{C9AE4AD1-32BA-4A20-B9B0-C054E7497403}"
EndProject
Project("{9A19103F-16F7-4668-BE54-9A1E7A4F7556}") = "TodoManagement.BuildingBlocks.Domain", "TodoManagement.BuildingBlocks.Domain\TodoManagement.BuildingBlocks.Domain.csproj", "{3C89FC7F-2BB3-4B65-BF73-F2CBC652ACCD}"
EndProject
Project("{2150E333-8FDC-42A3-9474-1A3956D46DE8}") = "Application", "Application", "{E07A5294-90B2-4FB3-A994-E30F23174447}"
EndProject
Project("{FAE04EC0-301F-11D3-BF4B-00C04F79EFBC}") = "TodoManagement.BuildingBlocks.Application", "TodoManagement.BuildingBlocks.Application\TodoManagement.BuildingBlocks.Application.csproj", "{FA01DFEE-F6CC-40F6-9C94-3727D60AED41}"
EndProject
Global
	GlobalSection(SolutionConfigurationPlatforms) = preSolution
		Debug|Any CPU = Debug|Any CPU
		Release|Any CPU = Release|Any CPU
	EndGlobalSection
	GlobalSection(ProjectConfigurationPlatforms) = postSolution
		{7408D36F-6C3F-4330-9D2F-83D6A214B334}.Debug|Any CPU.ActiveCfg = Debug|Any CPU
		{7408D36F-6C3F-4330-9D2F-83D6A214B334}.Debug|Any CPU.Build.0 = Debug|Any CPU
		{7408D36F-6C3F-4330-9D2F-83D6A214B334}.Release|Any CPU.ActiveCfg = Release|Any CPU
		{7408D36F-6C3F-4330-9D2F-83D6A214B334}.Release|Any CPU.Build.0 = Release|Any CPU
		{748D7121-EC48-416D-A750-B5F652277EFD}.Debug|Any CPU.ActiveCfg = Debug|Any CPU
		{748D7121-EC48-416D-A750-B5F652277EFD}.Debug|Any CPU.Build.0 = Debug|Any CPU
		{748D7121-EC48-416D-A750-B5F652277EFD}.Release|Any CPU.ActiveCfg = Release|Any CPU
		{748D7121-EC48-416D-A750-B5F652277EFD}.Release|Any CPU.Build.0 = Release|Any CPU
		{B059F97A-096A-4DCC-8CBF-7FAA0C725C7D}.Debug|Any CPU.ActiveCfg = Debug|Any CPU
		{B059F97A-096A-4DCC-8CBF-7FAA0C725C7D}.Debug|Any CPU.Build.0 = Debug|Any CPU
		{B059F97A-096A-4DCC-8CBF-7FAA0C725C7D}.Release|Any CPU.ActiveCfg = Release|Any CPU
		{B059F97A-096A-4DCC-8CBF-7FAA0C725C7D}.Release|Any CPU.Build.0 = Release|Any CPU
		{D1FBA10C-767B-49D2-8738-DFB09D0BF369}.Debug|Any CPU.ActiveCfg = Debug|Any CPU
		{D1FBA10C-767B-49D2-8738-DFB09D0BF369}.Debug|Any CPU.Build.0 = Debug|Any CPU
		{D1FBA10C-767B-49D2-8738-DFB09D0BF369}.Release|Any CPU.ActiveCfg = Release|Any CPU
		{D1FBA10C-767B-49D2-8738-DFB09D0BF369}.Release|Any CPU.Build.0 = Release|Any CPU
		{A87EBBDD-A490-4D4C-A35F-E233A27C6B1B}.Debug|Any CPU.ActiveCfg = Debug|Any CPU
		{A87EBBDD-A490-4D4C-A35F-E233A27C6B1B}.Debug|Any CPU.Build.0 = Debug|Any CPU
		{A87EBBDD-A490-4D4C-A35F-E233A27C6B1B}.Release|Any CPU.ActiveCfg = Release|Any CPU
		{A87EBBDD-A490-4D4C-A35F-E233A27C6B1B}.Release|Any CPU.Build.0 = Release|Any CPU
		{8F968F87-C91E-4E92-ADD0-5BB33C5AF342}.Debug|Any CPU.ActiveCfg = Debug|Any CPU
		{8F968F87-C91E-4E92-ADD0-5BB33C5AF342}.Debug|Any CPU.Build.0 = Debug|Any CPU
		{8F968F87-C91E-4E92-ADD0-5BB33C5AF342}.Release|Any CPU.ActiveCfg = Release|Any CPU
		{8F968F87-C91E-4E92-ADD0-5BB33C5AF342}.Release|Any CPU.Build.0 = Release|Any CPU
		{A20AD1F0-04DB-4821-870D-EA8CF1AE5D52}.Debug|Any CPU.ActiveCfg = Debug|Any CPU
		{A20AD1F0-04DB-4821-870D-EA8CF1AE5D52}.Debug|Any CPU.Build.0 = Debug|Any CPU
		{A20AD1F0-04DB-4821-870D-EA8CF1AE5D52}.Release|Any CPU.ActiveCfg = Release|Any CPU
		{A20AD1F0-04DB-4821-870D-EA8CF1AE5D52}.Release|Any CPU.Build.0 = Release|Any CPU
		{55104528-A5C0-4822-8818-89FA8579E39C}.Debug|Any CPU.ActiveCfg = Debug|Any CPU
		{55104528-A5C0-4822-8818-89FA8579E39C}.Debug|Any CPU.Build.0 = Debug|Any CPU
		{55104528-A5C0-4822-8818-89FA8579E39C}.Release|Any CPU.ActiveCfg = Release|Any CPU
		{55104528-A5C0-4822-8818-89FA8579E39C}.Release|Any CPU.Build.0 = Release|Any CPU
		{979889F6-ABB8-498E-A2FF-88941A989F02}.Debug|Any CPU.ActiveCfg = Debug|Any CPU
		{979889F6-ABB8-498E-A2FF-88941A989F02}.Debug|Any CPU.Build.0 = Debug|Any CPU
		{979889F6-ABB8-498E-A2FF-88941A989F02}.Release|Any CPU.ActiveCfg = Release|Any CPU
		{979889F6-ABB8-498E-A2FF-88941A989F02}.Release|Any CPU.Build.0 = Release|Any CPU
		{3C89FC7F-2BB3-4B65-BF73-F2CBC652ACCD}.Debug|Any CPU.ActiveCfg = Debug|Any CPU
		{3C89FC7F-2BB3-4B65-BF73-F2CBC652ACCD}.Debug|Any CPU.Build.0 = Debug|Any CPU
		{3C89FC7F-2BB3-4B65-BF73-F2CBC652ACCD}.Release|Any CPU.ActiveCfg = Release|Any CPU
		{3C89FC7F-2BB3-4B65-BF73-F2CBC652ACCD}.Release|Any CPU.Build.0 = Release|Any CPU
		{FA01DFEE-F6CC-40F6-9C94-3727D60AED41}.Debug|Any CPU.ActiveCfg = Debug|Any CPU
		{FA01DFEE-F6CC-40F6-9C94-3727D60AED41}.Debug|Any CPU.Build.0 = Debug|Any CPU
		{FA01DFEE-F6CC-40F6-9C94-3727D60AED41}.Release|Any CPU.ActiveCfg = Release|Any CPU
		{FA01DFEE-F6CC-40F6-9C94-3727D60AED41}.Release|Any CPU.Build.0 = Release|Any CPU
	EndGlobalSection
	GlobalSection(SolutionProperties) = preSolution
		HideSolutionNode = FALSE
	EndGlobalSection
	GlobalSection(NestedProjects) = preSolution
		{5C0424A3-F94F-4EEE-8660-96380D3805C7} = {CD100FAB-A232-41DD-AE34-5DC4A45CA920}
		{467F4741-3126-440B-8CC2-60C07195DB48} = {CD100FAB-A232-41DD-AE34-5DC4A45CA920}
		{463599A7-AC72-42C0-B50A-237BC2D32E4F} = {467F4741-3126-440B-8CC2-60C07195DB48}
		{EBF487B1-86F0-488B-B8AD-2D8C481EC0E1} = {467F4741-3126-440B-8CC2-60C07195DB48}
		{7408D36F-6C3F-4330-9D2F-83D6A214B334} = {EBF487B1-86F0-488B-B8AD-2D8C481EC0E1}
		{748D7121-EC48-416D-A750-B5F652277EFD} = {EBF487B1-86F0-488B-B8AD-2D8C481EC0E1}
		{B059F97A-096A-4DCC-8CBF-7FAA0C725C7D} = {EBF487B1-86F0-488B-B8AD-2D8C481EC0E1}
		{D1FBA10C-767B-49D2-8738-DFB09D0BF369} = {EBF487B1-86F0-488B-B8AD-2D8C481EC0E1}
		{A87EBBDD-A490-4D4C-A35F-E233A27C6B1B} = {5C0424A3-F94F-4EEE-8660-96380D3805C7}
		{8F968F87-C91E-4E92-ADD0-5BB33C5AF342} = {463599A7-AC72-42C0-B50A-237BC2D32E4F}
		{A20AD1F0-04DB-4821-870D-EA8CF1AE5D52} = {463599A7-AC72-42C0-B50A-237BC2D32E4F}
		{55104528-A5C0-4822-8818-89FA8579E39C} = {463599A7-AC72-42C0-B50A-237BC2D32E4F}
		{979889F6-ABB8-498E-A2FF-88941A989F02} = {463599A7-AC72-42C0-B50A-237BC2D32E4F}
		{40C33FAC-50F3-4A13-8D1C-97E70940F1F7} = {CD100FAB-A232-41DD-AE34-5DC4A45CA920}
		{F76893AF-E67B-42B8-B184-9E3D6596FBC7} = {467F4741-3126-440B-8CC2-60C07195DB48}
		{A79A188F-54F6-478D-BCCF-8D61EADE47F4} = {CD100FAB-A232-41DD-AE34-5DC4A45CA920}
		{C9AE4AD1-32BA-4A20-B9B0-C054E7497403} = {A79A188F-54F6-478D-BCCF-8D61EADE47F4}
		{3C89FC7F-2BB3-4B65-BF73-F2CBC652ACCD} = {C9AE4AD1-32BA-4A20-B9B0-C054E7497403}
		{E07A5294-90B2-4FB3-A994-E30F23174447} = {A79A188F-54F6-478D-BCCF-8D61EADE47F4}
		{FA01DFEE-F6CC-40F6-9C94-3727D60AED41} = {E07A5294-90B2-4FB3-A994-E30F23174447}
	EndGlobalSection
	GlobalSection(ExtensibilityGlobals) = postSolution
		SolutionGuid = {ACFF6415-040D-49C8-8188-9B0391AB4990}
	EndGlobalSection
EndGlobal
